
Microsoft Visual Studio Solution File, Format Version 12.00
Project("{FAE04EC0-301F-11D3-BF4B-00C04F79EFBC}") = "Provider.WebApi", "Provider.WebApi\Provider.WebApi.csproj", "{3AE194C8-88EE-4798-B83D-EEBF3479FBBA}"
EndProject
Project("{FAE04EC0-301F-11D3-BF4B-00C04F79EFBC}") = "Consumer.Console", "Consumer.Console\Consumer.Console.csproj", "{491A2F28-4134-4A94-AA36-476118F384C8}"
EndProject
Project("{FAE04EC0-301F-11D3-BF4B-00C04F79EFBC}") = "Consumer.Console.Test", "Consumer.Console.Test\Consumer.Console.Test.csproj", "{A20E981C-AF8B-4928-BE15-F57694961AFA}"
EndProject
Project("{2150E333-8FDC-42A3-9474-1A3956D46DE8}") = "Bekk.Pact", "Bekk.Pact", "{FF123C9B-7192-42AB-A9B1-ADB0EAFCB863}"
EndProject
Project("{FAE04EC0-301F-11D3-BF4B-00C04F79EFBC}") = "Provider.WebApi.Test", "Provider.WebApi.Test\Provider.WebApi.Test.csproj", "{E8A03C04-5791-4CB6-8D77-BB9733701D41}"
EndProject
Project("{FAE04EC0-301F-11D3-BF4B-00C04F79EFBC}") = "Bekk.Pact.Common", "bekk-pact-dotnet\src\Bekk.Pact.Common\Bekk.Pact.Common.csproj", "{D8B94891-8129-4A62-B840-E4452E71F17F}"
EndProject
Project("{FAE04EC0-301F-11D3-BF4B-00C04F79EFBC}") = "Bekk.Pact.Consumer", "bekk-pact-dotnet\src\Bekk.Pact.Consumer\Bekk.Pact.Consumer.csproj", "{3171DE2D-38F7-4DD0-823F-2524A81F3F9F}"
EndProject
Project("{FAE04EC0-301F-11D3-BF4B-00C04F79EFBC}") = "Bekk.Pact.Consumer.Extensions", "bekk-pact-dotnet\src\Bekk.Pact.Consumer.Extensions\Bekk.Pact.Consumer.Extensions.csproj", "{5C3420D5-E1D5-4E8B-AB9E-47B4A183D73D}"
EndProject
Project("{FAE04EC0-301F-11D3-BF4B-00C04F79EFBC}") = "Bekk.Pact.Provider", "bekk-pact-dotnet\src\Bekk.Pact.Provider\Bekk.Pact.Provider.csproj", "{259F8570-76C8-496D-A178-98527FC75A03}"
EndProject
Project("{FAE04EC0-301F-11D3-BF4B-00C04F79EFBC}") = "Bekk.Pact.Provider.Web", "bekk-pact-dotnet\src\Bekk.Pact.Provider.Web\Bekk.Pact.Provider.Web.csproj", "{2CE946C0-B4E3-4FF3-93BF-62211918D16B}"
EndProject
Global
	GlobalSection(SolutionConfigurationPlatforms) = preSolution
		Debug|Any CPU = Debug|Any CPU
		Release|Any CPU = Release|Any CPU
	EndGlobalSection
	GlobalSection(ProjectConfigurationPlatforms) = postSolution
		{3AE194C8-88EE-4798-B83D-EEBF3479FBBA}.Debug|Any CPU.ActiveCfg = Debug|Any CPU
		{3AE194C8-88EE-4798-B83D-EEBF3479FBBA}.Debug|Any CPU.Build.0 = Debug|Any CPU
		{3AE194C8-88EE-4798-B83D-EEBF3479FBBA}.Release|Any CPU.ActiveCfg = Release|Any CPU
		{3AE194C8-88EE-4798-B83D-EEBF3479FBBA}.Release|Any CPU.Build.0 = Release|Any CPU
		{491A2F28-4134-4A94-AA36-476118F384C8}.Debug|Any CPU.ActiveCfg = Debug|Any CPU
		{491A2F28-4134-4A94-AA36-476118F384C8}.Debug|Any CPU.Build.0 = Debug|Any CPU
		{491A2F28-4134-4A94-AA36-476118F384C8}.Release|Any CPU.ActiveCfg = Release|Any CPU
		{491A2F28-4134-4A94-AA36-476118F384C8}.Release|Any CPU.Build.0 = Release|Any CPU
		{A20E981C-AF8B-4928-BE15-F57694961AFA}.Debug|Any CPU.ActiveCfg = Debug|Any CPU
		{A20E981C-AF8B-4928-BE15-F57694961AFA}.Debug|Any CPU.Build.0 = Debug|Any CPU
		{A20E981C-AF8B-4928-BE15-F57694961AFA}.Release|Any CPU.ActiveCfg = Release|Any CPU
		{A20E981C-AF8B-4928-BE15-F57694961AFA}.Release|Any CPU.Build.0 = Release|Any CPU
		{E8A03C04-5791-4CB6-8D77-BB9733701D41}.Debug|Any CPU.ActiveCfg = Debug|Any CPU
		{E8A03C04-5791-4CB6-8D77-BB9733701D41}.Debug|Any CPU.Build.0 = Debug|Any CPU
		{E8A03C04-5791-4CB6-8D77-BB9733701D41}.Release|Any CPU.ActiveCfg = Release|Any CPU
		{E8A03C04-5791-4CB6-8D77-BB9733701D41}.Release|Any CPU.Build.0 = Release|Any CPU
		{D8B94891-8129-4A62-B840-E4452E71F17F}.Debug|Any CPU.ActiveCfg = Debug|Any CPU
		{D8B94891-8129-4A62-B840-E4452E71F17F}.Debug|Any CPU.Build.0 = Debug|Any CPU
		{D8B94891-8129-4A62-B840-E4452E71F17F}.Release|Any CPU.ActiveCfg = Release|Any CPU
		{D8B94891-8129-4A62-B840-E4452E71F17F}.Release|Any CPU.Build.0 = Release|Any CPU
		{3171DE2D-38F7-4DD0-823F-2524A81F3F9F}.Debug|Any CPU.ActiveCfg = Debug|Any CPU
		{3171DE2D-38F7-4DD0-823F-2524A81F3F9F}.Debug|Any CPU.Build.0 = Debug|Any CPU
		{3171DE2D-38F7-4DD0-823F-2524A81F3F9F}.Release|Any CPU.ActiveCfg = Release|Any CPU
		{3171DE2D-38F7-4DD0-823F-2524A81F3F9F}.Release|Any CPU.Build.0 = Release|Any CPU
		{5C3420D5-E1D5-4E8B-AB9E-47B4A183D73D}.Debug|Any CPU.ActiveCfg = Debug|Any CPU
		{5C3420D5-E1D5-4E8B-AB9E-47B4A183D73D}.Debug|Any CPU.Build.0 = Debug|Any CPU
		{5C3420D5-E1D5-4E8B-AB9E-47B4A183D73D}.Release|Any CPU.ActiveCfg = Release|Any CPU
		{5C3420D5-E1D5-4E8B-AB9E-47B4A183D73D}.Release|Any CPU.Build.0 = Release|Any CPU
		{259F8570-76C8-496D-A178-98527FC75A03}.Debug|Any CPU.ActiveCfg = Debug|Any CPU
		{259F8570-76C8-496D-A178-98527FC75A03}.Debug|Any CPU.Build.0 = Debug|Any CPU
		{259F8570-76C8-496D-A178-98527FC75A03}.Release|Any CPU.ActiveCfg = Release|Any CPU
		{259F8570-76C8-496D-A178-98527FC75A03}.Release|Any CPU.Build.0 = Release|Any CPU
		{2CE946C0-B4E3-4FF3-93BF-62211918D16B}.Debug|Any CPU.ActiveCfg = Debug|Any CPU
		{2CE946C0-B4E3-4FF3-93BF-62211918D16B}.Debug|Any CPU.Build.0 = Debug|Any CPU
		{2CE946C0-B4E3-4FF3-93BF-62211918D16B}.Release|Any CPU.ActiveCfg = Release|Any CPU
		{2CE946C0-B4E3-4FF3-93BF-62211918D16B}.Release|Any CPU.Build.0 = Release|Any CPU
	EndGlobalSection
	GlobalSection(NestedProjects) = preSolution
		{D8B94891-8129-4A62-B840-E4452E71F17F} = {FF123C9B-7192-42AB-A9B1-ADB0EAFCB863}
		{3171DE2D-38F7-4DD0-823F-2524A81F3F9F} = {FF123C9B-7192-42AB-A9B1-ADB0EAFCB863}
		{5C3420D5-E1D5-4E8B-AB9E-47B4A183D73D} = {FF123C9B-7192-42AB-A9B1-ADB0EAFCB863}
		{259F8570-76C8-496D-A178-98527FC75A03} = {FF123C9B-7192-42AB-A9B1-ADB0EAFCB863}
		{2CE946C0-B4E3-4FF3-93BF-62211918D16B} = {FF123C9B-7192-42AB-A9B1-ADB0EAFCB863}
	EndGlobalSection
EndGlobal
